
Microsoft Visual Studio Solution File, Format Version 12.00
# Visual Studio 2012
Project("{E24C65DC-7377-472B-9ABA-BC803B73C61A}") = "MaryPizzeria", ".", "{27CCA3D9-260E-4CC0-BA0C-167B90BAEF2A}"
	ProjectSection(WebsiteProperties) = preProject
		TargetFrameworkMoniker = ".NETFramework,Version%3Dv4.5"
		ProjectReferences = "{63bf4973-77b4-44ed-aaf0-e585ce06832d}|EntityClassLibrary.dll;"
		Debug.AspNetCompiler.VirtualPath = "/MaryPizzeria"
		Debug.AspNetCompiler.PhysicalPath = "..\MaryPizzeria\"
		Debug.AspNetCompiler.TargetPath = "PrecompiledWeb\MaryPizzeria\"
		Debug.AspNetCompiler.Updateable = "true"
		Debug.AspNetCompiler.ForceOverwrite = "true"
		Debug.AspNetCompiler.FixedNames = "false"
		Debug.AspNetCompiler.Debug = "True"
		Release.AspNetCompiler.VirtualPath = "/MaryPizzeria"
		Release.AspNetCompiler.PhysicalPath = "..\MaryPizzeria\"
		Release.AspNetCompiler.TargetPath = "PrecompiledWeb\MaryPizzeria\"
		Release.AspNetCompiler.Updateable = "true"
		Release.AspNetCompiler.ForceOverwrite = "true"
		Release.AspNetCompiler.FixedNames = "false"
		Release.AspNetCompiler.Debug = "False"
		VWDPort = "1570"
	EndProjectSection
EndProject
Project("{FAE04EC0-301F-11D3-BF4B-00C04F79EFBC}") = "EntityClassLibrary", "EntityClassLibrary\EntityClassLibrary.csproj", "{63BF4973-77B4-44ED-AAF0-E585CE06832D}"
EndProject
Global
	GlobalSection(SolutionConfigurationPlatforms) = preSolution
		Debug|Any CPU = Debug|Any CPU
		Release|Any CPU = Release|Any CPU
	EndGlobalSection
	GlobalSection(ProjectConfigurationPlatforms) = postSolution
		{27CCA3D9-260E-4CC0-BA0C-167B90BAEF2A}.Debug|Any CPU.ActiveCfg = Debug|Any CPU
		{27CCA3D9-260E-4CC0-BA0C-167B90BAEF2A}.Debug|Any CPU.Build.0 = Debug|Any CPU
		{27CCA3D9-260E-4CC0-BA0C-167B90BAEF2A}.Release|Any CPU.ActiveCfg = Debug|Any CPU
		{27CCA3D9-260E-4CC0-BA0C-167B90BAEF2A}.Release|Any CPU.Build.0 = Debug|Any CPU
		{63BF4973-77B4-44ED-AAF0-E585CE06832D}.Debug|Any CPU.ActiveCfg = Debug|Any CPU
		{63BF4973-77B4-44ED-AAF0-E585CE06832D}.Debug|Any CPU.Build.0 = Debug|Any CPU
		{63BF4973-77B4-44ED-AAF0-E585CE06832D}.Release|Any CPU.ActiveCfg = Release|Any CPU
		{63BF4973-77B4-44ED-AAF0-E585CE06832D}.Release|Any CPU.Build.0 = Release|Any CPU
	EndGlobalSection
	GlobalSection(SolutionProperties) = preSolution
		HideSolutionNode = FALSE
	EndGlobalSection
EndGlobal
